
Microsoft Visual Studio Solution File, Format Version 12.00
Project("{FAE04EC0-301F-11D3-BF4B-00C04F79EFBC}") = "GarminTools.Api", "GarminTools.Api\GarminTools.Api.csproj", "{AAA35031-3794-4AD8-8579-85FFC64D745C}"
EndProject
Project("{2150E333-8FDC-42A3-9474-1A3956D46DE8}") = "Solution Items", "Solution Items", "{019DE678-713C-4E8D-80F9-5EC8BF2DBE77}"
	ProjectSection(SolutionItems) = preProject
		compose.yaml = compose.yaml
	EndProjectSection
EndProject
Project("{2150E333-8FDC-42A3-9474-1A3956D46DE8}") = "Aspire", "Aspire", "{49EDB050-B7A5-4146-B7C4-F98DD0AD9068}"
EndProject
Project("{FAE04EC0-301F-11D3-BF4B-00C04F79EFBC}") = "GarminTools.Aspire", "ASPIRE\GarminTools.Aspire\GarminTools.Aspire.csproj", "{556BE898-592D-4046-9B64-ACE495AC12D2}"
EndProject
Project("{FAE04EC0-301F-11D3-BF4B-00C04F79EFBC}") = "GarminTools.Aspire.ServiceDefaults", "ASPIRE\GarminTools.Aspire.ServiceDefaults\GarminTools.Aspire.ServiceDefaults.csproj", "{ADB1DAB0-6265-4724-A4F3-83E221A4DCA8}"
EndProject
Project("{FAE04EC0-301F-11D3-BF4B-00C04F79EFBC}") = "GarminTools.Application", "GarminTools.Application\GarminTools.Application.csproj", "{AE393418-2518-459D-BB2C-06EA44461154}"
EndProject
Project("{FAE04EC0-301F-11D3-BF4B-00C04F79EFBC}") = "GarminTools.Infrastructure", "GarminTools.Infrastructure\GarminTools.Infrastructure.csproj", "{6057BF74-3D3A-4042-8EB5-F6748EADC2F1}"
EndProject
Project("{FAE04EC0-301F-11D3-BF4B-00C04F79EFBC}") = "GarminTools.Domain", "GarminTools.Domain\GarminTools.Domain.csproj", "{32A49CE3-E4B7-44E7-80AE-1A56C90458C6}"
EndProject
Global
	GlobalSection(SolutionConfigurationPlatforms) = preSolution
		Debug|Any CPU = Debug|Any CPU
		Release|Any CPU = Release|Any CPU
	EndGlobalSection
	GlobalSection(ProjectConfigurationPlatforms) = postSolution
		{AAA35031-3794-4AD8-8579-85FFC64D745C}.Debug|Any CPU.ActiveCfg = Debug|Any CPU
		{AAA35031-3794-4AD8-8579-85FFC64D745C}.Debug|Any CPU.Build.0 = Debug|Any CPU
		{AAA35031-3794-4AD8-8579-85FFC64D745C}.Release|Any CPU.ActiveCfg = Release|Any CPU
		{AAA35031-3794-4AD8-8579-85FFC64D745C}.Release|Any CPU.Build.0 = Release|Any CPU
		{556BE898-592D-4046-9B64-ACE495AC12D2}.Debug|Any CPU.ActiveCfg = Debug|Any CPU
		{556BE898-592D-4046-9B64-ACE495AC12D2}.Debug|Any CPU.Build.0 = Debug|Any CPU
		{556BE898-592D-4046-9B64-ACE495AC12D2}.Release|Any CPU.ActiveCfg = Release|Any CPU
		{556BE898-592D-4046-9B64-ACE495AC12D2}.Release|Any CPU.Build.0 = Release|Any CPU
		{ADB1DAB0-6265-4724-A4F3-83E221A4DCA8}.Debug|Any CPU.ActiveCfg = Debug|Any CPU
		{ADB1DAB0-6265-4724-A4F3-83E221A4DCA8}.Debug|Any CPU.Build.0 = Debug|Any CPU
		{ADB1DAB0-6265-4724-A4F3-83E221A4DCA8}.Release|Any CPU.ActiveCfg = Release|Any CPU
		{ADB1DAB0-6265-4724-A4F3-83E221A4DCA8}.Release|Any CPU.Build.0 = Release|Any CPU
		{AE393418-2518-459D-BB2C-06EA44461154}.Debug|Any CPU.ActiveCfg = Debug|Any CPU
		{AE393418-2518-459D-BB2C-06EA44461154}.Debug|Any CPU.Build.0 = Debug|Any CPU
		{AE393418-2518-459D-BB2C-06EA44461154}.Release|Any CPU.ActiveCfg = Release|Any CPU
		{AE393418-2518-459D-BB2C-06EA44461154}.Release|Any CPU.Build.0 = Release|Any CPU
		{6057BF74-3D3A-4042-8EB5-F6748EADC2F1}.Debug|Any CPU.ActiveCfg = Debug|Any CPU
		{6057BF74-3D3A-4042-8EB5-F6748EADC2F1}.Debug|Any CPU.Build.0 = Debug|Any CPU
		{6057BF74-3D3A-4042-8EB5-F6748EADC2F1}.Release|Any CPU.ActiveCfg = Release|Any CPU
		{6057BF74-3D3A-4042-8EB5-F6748EADC2F1}.Release|Any CPU.Build.0 = Release|Any CPU
		{32A49CE3-E4B7-44E7-80AE-1A56C90458C6}.Debug|Any CPU.ActiveCfg = Debug|Any CPU
		{32A49CE3-E4B7-44E7-80AE-1A56C90458C6}.Debug|Any CPU.Build.0 = Debug|Any CPU
		{32A49CE3-E4B7-44E7-80AE-1A56C90458C6}.Release|Any CPU.ActiveCfg = Release|Any CPU
		{32A49CE3-E4B7-44E7-80AE-1A56C90458C6}.Release|Any CPU.Build.0 = Release|Any CPU
	EndGlobalSection
	GlobalSection(NestedProjects) = preSolution
		{556BE898-592D-4046-9B64-ACE495AC12D2} = {49EDB050-B7A5-4146-B7C4-F98DD0AD9068}
		{ADB1DAB0-6265-4724-A4F3-83E221A4DCA8} = {49EDB050-B7A5-4146-B7C4-F98DD0AD9068}
	EndGlobalSection
EndGlobal
